
Microsoft Visual Studio Solution File, Format Version 12.00
# Visual Studio 14
VisualStudioVersion = 14.0.24720.0
MinimumVisualStudioVersion = 10.0.40219.1
Project("{F2A71F9B-5D33-465A-A702-920D77279786}") = "fsharpintro", "fsharpintro\fsharpintro.fsproj", "{54B3E27E-AE69-4F71-A691-F073A76202B1}"
EndProject
Project("{F2A71F9B-5D33-465A-A702-920D77279786}") = "gameoflife", "gameoflife\gameoflife.fsproj", "{620543E5-B922-4B5D-A07B-EFBB8CB8D0FE}"
EndProject
Global
	GlobalSection(SolutionConfigurationPlatforms) = preSolution
		Debug|Any CPU = Debug|Any CPU
		Release|Any CPU = Release|Any CPU
	EndGlobalSection
	GlobalSection(ProjectConfigurationPlatforms) = postSolution
		{54B3E27E-AE69-4F71-A691-F073A76202B1}.Debug|Any CPU.ActiveCfg = Debug|Any CPU
		{54B3E27E-AE69-4F71-A691-F073A76202B1}.Debug|Any CPU.Build.0 = Debug|Any CPU
		{54B3E27E-AE69-4F71-A691-F073A76202B1}.Release|Any CPU.ActiveCfg = Release|Any CPU
		{54B3E27E-AE69-4F71-A691-F073A76202B1}.Release|Any CPU.Build.0 = Release|Any CPU
		{620543E5-B922-4B5D-A07B-EFBB8CB8D0FE}.Debug|Any CPU.ActiveCfg = Debug|Any CPU
		{620543E5-B922-4B5D-A07B-EFBB8CB8D0FE}.Debug|Any CPU.Build.0 = Debug|Any CPU
		{620543E5-B922-4B5D-A07B-EFBB8CB8D0FE}.Release|Any CPU.ActiveCfg = Release|Any CPU
		{620543E5-B922-4B5D-A07B-EFBB8CB8D0FE}.Release|Any CPU.Build.0 = Release|Any CPU
	EndGlobalSection
	GlobalSection(SolutionProperties) = preSolution
		HideSolutionNode = FALSE
	EndGlobalSection
EndGlobal
